Microsoft Visual Studio Solution File, Format Version 12.00
# Visual Studio 2012
Project("{FAE04EC0-301F-11D3-BF4B-00C04F79EFBC}") = "Platformer Game Csharp", "Platformer Game Csharp.csproj", "{54AC524B-BD6A-429D-A80E-6D53CEB928DF}"
EndProject
Global
	GlobalSection(SolutionConfigurationPlatforms) = preSolution
	Debug|Any CPU = Debug|Any CPU
	ExportDebug|Any CPU = ExportDebug|Any CPU
	ExportRelease|Any CPU = ExportRelease|Any CPU
	EndGlobalSection
	GlobalSection(ProjectConfigurationPlatforms) = postSolution
		{54AC524B-BD6A-429D-A80E-6D53CEB928DF}.Debug|Any CPU.ActiveCfg = Debug|Any CPU
		{54AC524B-BD6A-429D-A80E-6D53CEB928DF}.Debug|Any CPU.Build.0 = Debug|Any CPU
		{54AC524B-BD6A-429D-A80E-6D53CEB928DF}.ExportDebug|Any CPU.ActiveCfg = ExportDebug|Any CPU
		{54AC524B-BD6A-429D-A80E-6D53CEB928DF}.ExportDebug|Any CPU.Build.0 = ExportDebug|Any CPU
		{54AC524B-BD6A-429D-A80E-6D53CEB928DF}.ExportRelease|Any CPU.ActiveCfg = ExportRelease|Any CPU
		{54AC524B-BD6A-429D-A80E-6D53CEB928DF}.ExportRelease|Any CPU.Build.0 = ExportRelease|Any CPU
	EndGlobalSection
EndGlobal
